
Microsoft Visual Studio Solution File, Format Version 12.00
# Visual Studio Version 17
VisualStudioVersion = 17.2.32616.157
MinimumVisualStudioVersion = 10.0.40219.1
Project("{9A19103F-16F7-4668-BE54-9A1E7A4F7556}") = "RecipeOgranizer.ConsoleApp", "RecipeOgranizer.ConsoleApp\RecipeOgranizer.ConsoleApp.csproj", "{968E3994-99FD-427D-9C4C-E8F5E71FA94F}"
EndProject
Project("{9A19103F-16F7-4668-BE54-9A1E7A4F7556}") = "RecipeOgranizer.Dal", "RecipeOgranizer.Dal\RecipeOgranizer.Dal.csproj", "{85D2170A-EEBE-4A84-B19E-6B5F923CD673}"
EndProject
Project("{FAE04EC0-301F-11D3-BF4B-00C04F79EFBC}") = "RecipeOrganizer.BLL", "RecipeOrganizer.BLL\RecipeOrganizer.BLL.csproj", "{9F554D6B-4FA9-4335-B4CF-C16AA16C1CDC}"
EndProject
Project("{FAE04EC0-301F-11D3-BF4B-00C04F79EFBC}") = "View", "View\View.csproj", "{21DCFF97-9F6B-4294-B10C-F5E399E99C5A}"
EndProject
Global
	GlobalSection(SolutionConfigurationPlatforms) = preSolution
		Debug|Any CPU = Debug|Any CPU
		Release|Any CPU = Release|Any CPU
	EndGlobalSection
	GlobalSection(ProjectConfigurationPlatforms) = postSolution
		{968E3994-99FD-427D-9C4C-E8F5E71FA94F}.Debug|Any CPU.ActiveCfg = Debug|Any CPU
		{968E3994-99FD-427D-9C4C-E8F5E71FA94F}.Debug|Any CPU.Build.0 = Debug|Any CPU
		{968E3994-99FD-427D-9C4C-E8F5E71FA94F}.Release|Any CPU.ActiveCfg = Release|Any CPU
		{968E3994-99FD-427D-9C4C-E8F5E71FA94F}.Release|Any CPU.Build.0 = Release|Any CPU
		{85D2170A-EEBE-4A84-B19E-6B5F923CD673}.Debug|Any CPU.ActiveCfg = Debug|Any CPU
		{85D2170A-EEBE-4A84-B19E-6B5F923CD673}.Debug|Any CPU.Build.0 = Debug|Any CPU
		{85D2170A-EEBE-4A84-B19E-6B5F923CD673}.Release|Any CPU.ActiveCfg = Release|Any CPU
		{85D2170A-EEBE-4A84-B19E-6B5F923CD673}.Release|Any CPU.Build.0 = Release|Any CPU
		{9F554D6B-4FA9-4335-B4CF-C16AA16C1CDC}.Debug|Any CPU.ActiveCfg = Debug|Any CPU
		{9F554D6B-4FA9-4335-B4CF-C16AA16C1CDC}.Debug|Any CPU.Build.0 = Debug|Any CPU
		{9F554D6B-4FA9-4335-B4CF-C16AA16C1CDC}.Release|Any CPU.ActiveCfg = Release|Any CPU
		{9F554D6B-4FA9-4335-B4CF-C16AA16C1CDC}.Release|Any CPU.Build.0 = Release|Any CPU
		{21DCFF97-9F6B-4294-B10C-F5E399E99C5A}.Debug|Any CPU.ActiveCfg = Debug|Any CPU
		{21DCFF97-9F6B-4294-B10C-F5E399E99C5A}.Debug|Any CPU.Build.0 = Debug|Any CPU
		{21DCFF97-9F6B-4294-B10C-F5E399E99C5A}.Release|Any CPU.ActiveCfg = Release|Any CPU
		{21DCFF97-9F6B-4294-B10C-F5E399E99C5A}.Release|Any CPU.Build.0 = Release|Any CPU
	EndGlobalSection
	GlobalSection(SolutionProperties) = preSolution
		HideSolutionNode = FALSE
	EndGlobalSection
	GlobalSection(ExtensibilityGlobals) = postSolution
		SolutionGuid = {FD10A977-BDD0-4A56-9E1F-B7F4BFB0ADDF}
	EndGlobalSection
EndGlobal
